
Microsoft Visual Studio Solution File, Format Version 12.00
# Visual Studio Version 16
VisualStudioVersion = 16.0.29418.71
MinimumVisualStudioVersion = 10.0.40219.1
Project("{8BC9CEB8-8B4A-11D0-8D11-00A0C91BC942}") = "VSandbox", "VSandbox\VSandbox.vcxproj", "{06BF2478-78D6-4500-8DC4-AEBE3AC0899C}"
EndProject
Project("{8BC9CEB8-8B4A-11D0-8D11-00A0C91BC942}") = "VEngine", "VEngine\VEngine.vcxproj", "{859F5522-CE27-4828-9591-E8495DA6D022}"
EndProject
Global
	GlobalSection(SolutionConfigurationPlatforms) = preSolution
		Debug|x64 = Debug|x64
		Release|x64 = Release|x64
	EndGlobalSection
	GlobalSection(ProjectConfigurationPlatforms) = postSolution
		{06BF2478-78D6-4500-8DC4-AEBE3AC0899C}.Debug|x64.ActiveCfg = Debug|x64
		{06BF2478-78D6-4500-8DC4-AEBE3AC0899C}.Debug|x64.Build.0 = Debug|x64
		{06BF2478-78D6-4500-8DC4-AEBE3AC0899C}.Release|x64.ActiveCfg = Debug|x64
		{06BF2478-78D6-4500-8DC4-AEBE3AC0899C}.Release|x64.Build.0 = Debug|x64
		{859F5522-CE27-4828-9591-E8495DA6D022}.Debug|x64.ActiveCfg = Debug|x64
		{859F5522-CE27-4828-9591-E8495DA6D022}.Debug|x64.Build.0 = Debug|x64
		{859F5522-CE27-4828-9591-E8495DA6D022}.Release|x64.ActiveCfg = Debug|x64
		{859F5522-CE27-4828-9591-E8495DA6D022}.Release|x64.Build.0 = Debug|x64
	EndGlobalSection
	GlobalSection(SolutionProperties) = preSolution
		HideSolutionNode = FALSE
	EndGlobalSection
	GlobalSection(ExtensibilityGlobals) = postSolution
		SolutionGuid = {82D1079B-A7EF-4AC0-A1FD-C9CDA58FCAAA}
	EndGlobalSection
EndGlobal
